<?xml version="1.0" encoding="utf-8"?>
<Project ToolsVersion="4.0" xmlns="http://schemas.microsoft.com/developer/msbuild/2003">
  <ItemGroup>
    <Filter Include="Source Files">
      <UniqueIdentifier>{4FC737F1-C7A5-4376-A066-2A32D752A2FF}</UniqueIdentifier>
      <Extensions>cpp;c;cc;cxx;def;odl;idl;hpj;bat;asm;asmx</Extensions>
    </Filter>
    <Filter Include="Header Files">
      <UniqueIdentifier>{93995380-89BD-4b04-88EB-625FBE52EBFB}</UniqueIdentifier>
      <Extensions>h;hh;hpp;hxx;hm;inl;inc;xsd</Extensions>
    </Filter>
    <Filter Include="Resource Files">
      <UniqueIdentifier>{67DA6AB6-F800-4c08-8B7A-83BB121AAD01}</UniqueIdentifier>
      <Extensions>rc;ico;cur;bmp;dlg;rc2;rct;bin;rgs;gif;jpg;jpeg;jpe;resx;tiff;tif;png;wav;mfcribbon-ms</Extensions>
    </Filter>
  </ItemGroup>
  <ItemGroup>
    <ClCompile Include="..\..\Project_2nd_files\Participation.cpp">
      <Filter>Source Files</Filter>
    </ClCompile>
    <ClCompile Include="..\..\Project_2nd_files\Person.cpp">
      <Filter>Source Files</Filter>
    </ClCompile>
    <ClCompile Include="..\..\Project_2nd_files\Phase.cpp">
      <Filter>Source Files</Filter>
    </ClCompile>
    <ClCompile Include="..\..\Project_2nd_files\SecondPhase.cpp">
      <Filter>Source Files</Filter>
    </ClCompile>
    <ClCompile Include="..\..\Project_2nd_files\UnavailableContestant.cpp">
      <Filter>Source Files</Filter>
    </ClCompile>
    <ClCompile Include="..\..\Project_2nd_files\Util.cpp">
      <Filter>Source Files</Filter>
    </ClCompile>
    <ClCompile Include="..\..\Project_2nd_files\Application.cpp">
      <Filter>Source Files</Filter>
    </ClCompile>
    <ClCompile Include="..\..\Project_2nd_files\Audition.cpp">
      <Filter>Source Files</Filter>
    </ClCompile>
    <ClCompile Include="..\..\Project_2nd_files\Calendar.cpp">
      <Filter>Source Files</Filter>
    </ClCompile>
    <ClCompile Include="..\..\Project_2nd_files\Company.cpp">
      <Filter>Source Files</Filter>
    </ClCompile>
    <ClCompile Include="..\..\Project_2nd_files\CompanyMS.cpp">
      <Filter>Source Files</Filter>
    </ClCompile>
    <ClCompile Include="..\..\Project_2nd_files\Contestant.cpp">
      <Filter>Source Files</Filter>
    </ClCompile>
    <ClCompile Include="..\..\Project_2nd_files\ExceptionHand.cpp">
      <Filter>Source Files</Filter>
    </ClCompile>
    <ClCompile Include="..\..\Project_2nd_files\FirstPhase.cpp">
      <Filter>Source Files</Filter>
    </ClCompile>
    <ClCompile Include="..\..\Project_2nd_files\Judge.cpp">
      <Filter>Source Files</Filter>
    </ClCompile>
    <ClCompile Include="..\..\Project_2nd_files\main.cpp">
      <Filter>Source Files</Filter>
    </ClCompile>
  </ItemGroup>
  <ItemGroup>
    <ClInclude Include="..\..\Project_2nd_files\Participation.h">
      <Filter>Source Files</Filter>
    </ClInclude>
    <ClInclude Include="..\..\Project_2nd_files\Person.h">
      <Filter>Source Files</Filter>
    </ClInclude>
    <ClInclude Include="..\..\Project_2nd_files\Phase.h">
      <Filter>Source Files</Filter>
    </ClInclude>
    <ClInclude Include="..\..\Project_2nd_files\SecondPhase.h">
      <Filter>Source Files</Filter>
    </ClInclude>
    <ClInclude Include="..\..\Project_2nd_files\UnavailableContestant.h">
      <Filter>Source Files</Filter>
    </ClInclude>
    <ClInclude Include="..\..\Project_2nd_files\Util.h">
      <Filter>Source Files</Filter>
    </ClInclude>
    <ClInclude Include="..\..\Project_2nd_files\Application.h">
      <Filter>Source Files</Filter>
    </ClInclude>
    <ClInclude Include="..\..\Project_2nd_files\Audition.h">
      <Filter>Source Files</Filter>
    </ClInclude>
    <ClInclude Include="..\..\Project_2nd_files\Calendar.h">
      <Filter>Source Files</Filter>
    </ClInclude>
    <ClInclude Include="..\..\Project_2nd_files\Company.h">
      <Filter>Source Files</Filter>
    </ClInclude>
    <ClInclude Include="..\..\Project_2nd_files\CompanyMS.h">
      <Filter>Source Files</Filter>
    </ClInclude>
    <ClInclude Include="..\..\Project_2nd_files\Contestant.h">
      <Filter>Source Files</Filter>
    </ClInclude>
    <ClInclude Include="..\..\Project_2nd_files\ExceptionHand.h">
      <Filter>Source Files</Filter>
    </ClInclude>
    <ClInclude Include="..\..\Project_2nd_files\FirstPhase.h">
      <Filter>Source Files</Filter>
    </ClInclude>
    <ClInclude Include="..\..\Project_2nd_files\Judge.h">
      <Filter>Source Files</Filter>
    </ClInclude>
  </ItemGroup>
</Project>